
Microsoft Visual Studio Solution File, Format Version 12.00
# Visual Studio 15
Project("{FAE04EC0-301F-11D3-BF4B-00C04F79EFBC}") = "example-dotnet-core-canary-app", "example-dotnet-core-canary-app\example-dotnet-core-canary-app.csproj", "{16C70870-68E7-4DDD-BE6A-DA4119165388}"
EndProject
Project("{FAE04EC0-301F-11D3-BF4B-00C04F79EFBC}") = "UnitTests", "UnitTests\UnitTests.csproj", "{80218363-BCF8-4AE4-A746-F2BA154AA13A}"
EndProject
Global
	GlobalSection(SolutionConfigurationPlatforms) = preSolution
		Debug|Any CPU = Debug|Any CPU
		Release|Any CPU = Release|Any CPU
	EndGlobalSection
	GlobalSection(ProjectConfigurationPlatforms) = postSolution
		{16C70870-68E7-4DDD-BE6A-DA4119165388}.Debug|Any CPU.ActiveCfg = Debug|Any CPU
		{16C70870-68E7-4DDD-BE6A-DA4119165388}.Debug|Any CPU.Build.0 = Debug|Any CPU
		{16C70870-68E7-4DDD-BE6A-DA4119165388}.Release|Any CPU.ActiveCfg = Release|Any CPU
		{16C70870-68E7-4DDD-BE6A-DA4119165388}.Release|Any CPU.Build.0 = Release|Any CPU
		{80218363-BCF8-4AE4-A746-F2BA154AA13A}.Debug|Any CPU.ActiveCfg = Debug|Any CPU
		{80218363-BCF8-4AE4-A746-F2BA154AA13A}.Debug|Any CPU.Build.0 = Debug|Any CPU
		{80218363-BCF8-4AE4-A746-F2BA154AA13A}.Release|Any CPU.ActiveCfg = Release|Any CPU
		{80218363-BCF8-4AE4-A746-F2BA154AA13A}.Release|Any CPU.Build.0 = Release|Any CPU
	EndGlobalSection
EndGlobal
